
Microsoft Visual Studio Solution File, Format Version 12.00
# Visual Studio Version 17
VisualStudioVersion = 17.2.32526.322
MinimumVisualStudioVersion = 10.0.40219.1
Project("{9A19103F-16F7-4668-BE54-9A1E7A4F7556}") = "MontyHallBE", "MontyHallBE\MontyHallBE.csproj", "{4AFA589D-7648-443E-8A77-D45727FC31DE}"
EndProject
Project("{FAE04EC0-301F-11D3-BF4B-00C04F79EFBC}") = "MontyHallBE.Tests", "MontyHallBE.Tests\MontyHallBE.Tests.csproj", "{A10AA5AE-2BB9-42A8-B16C-F93E57A08AE1}"
EndProject
Global
	GlobalSection(SolutionConfigurationPlatforms) = preSolution
		Debug|Any CPU = Debug|Any CPU
		Release|Any CPU = Release|Any CPU
	EndGlobalSection
	GlobalSection(ProjectConfigurationPlatforms) = postSolution
		{4AFA589D-7648-443E-8A77-D45727FC31DE}.Debug|Any CPU.ActiveCfg = Debug|Any CPU
		{4AFA589D-7648-443E-8A77-D45727FC31DE}.Debug|Any CPU.Build.0 = Debug|Any CPU
		{4AFA589D-7648-443E-8A77-D45727FC31DE}.Release|Any CPU.ActiveCfg = Release|Any CPU
		{4AFA589D-7648-443E-8A77-D45727FC31DE}.Release|Any CPU.Build.0 = Release|Any CPU
		{A10AA5AE-2BB9-42A8-B16C-F93E57A08AE1}.Debug|Any CPU.ActiveCfg = Debug|Any CPU
		{A10AA5AE-2BB9-42A8-B16C-F93E57A08AE1}.Debug|Any CPU.Build.0 = Debug|Any CPU
		{A10AA5AE-2BB9-42A8-B16C-F93E57A08AE1}.Release|Any CPU.ActiveCfg = Release|Any CPU
		{A10AA5AE-2BB9-42A8-B16C-F93E57A08AE1}.Release|Any CPU.Build.0 = Release|Any CPU
	EndGlobalSection
	GlobalSection(SolutionProperties) = preSolution
		HideSolutionNode = FALSE
	EndGlobalSection
	GlobalSection(ExtensibilityGlobals) = postSolution
		SolutionGuid = {01CF6D75-D20A-4E85-9D86-31DF8C1758B7}
	EndGlobalSection
EndGlobal
